
Microsoft Visual Studio Solution File, Format Version 12.00
# Visual Studio Version 17
VisualStudioVersion = 17.0.32112.339
MinimumVisualStudioVersion = 10.0.40219.1
Project("{9A19103F-16F7-4668-BE54-9A1E7A4F7556}") = "CS341_YMCA", "CS341_YMCA\CS341_YMCA.csproj", "{72FF961A-1507-41BC-9CDC-3B84C67E0579}"
EndProject
Global
	GlobalSection(SolutionConfigurationPlatforms) = preSolution
		Debug|Any CPU = Debug|Any CPU
		Release|Any CPU = Release|Any CPU
	EndGlobalSection
	GlobalSection(ProjectConfigurationPlatforms) = postSolution
		{72FF961A-1507-41BC-9CDC-3B84C67E0579}.Debug|Any CPU.ActiveCfg = Debug|Any CPU
		{72FF961A-1507-41BC-9CDC-3B84C67E0579}.Debug|Any CPU.Build.0 = Debug|Any CPU
		{72FF961A-1507-41BC-9CDC-3B84C67E0579}.Release|Any CPU.ActiveCfg = Release|Any CPU
		{72FF961A-1507-41BC-9CDC-3B84C67E0579}.Release|Any CPU.Build.0 = Release|Any CPU
	EndGlobalSection
	GlobalSection(SolutionProperties) = preSolution
		HideSolutionNode = FALSE
	EndGlobalSection
	GlobalSection(ExtensibilityGlobals) = postSolution
		SolutionGuid = {6D09A552-885B-4D64-BA83-D54400BCFBB7}
	EndGlobalSection
EndGlobal
